
Microsoft Visual Studio Solution File, Format Version 12.00
# Visual Studio 15
VisualStudioVersion = 15.0.27130.2036
MinimumVisualStudioVersion = 10.0.40219.1
Project("{FAE04EC0-301F-11D3-BF4B-00C04F79EFBC}") = "CardDeckTest", "CardDeckTest\CardDeckTest.csproj", "{02F0B40D-E92D-4E80-A7E0-A4BD8201B800}"
EndProject
Project("{FAE04EC0-301F-11D3-BF4B-00C04F79EFBC}") = "CardDeckTest.Tests", "CardDeckTest.Tests\CardDeckTest.Tests.csproj", "{6D30E73E-56B1-47EE-B59A-7DEB99B94BE0}"
EndProject
Global
	GlobalSection(SolutionConfigurationPlatforms) = preSolution
		Debug|Any CPU = Debug|Any CPU
		Release|Any CPU = Release|Any CPU
	EndGlobalSection
	GlobalSection(ProjectConfigurationPlatforms) = postSolution
		{02F0B40D-E92D-4E80-A7E0-A4BD8201B800}.Debug|Any CPU.ActiveCfg = Debug|Any CPU
		{02F0B40D-E92D-4E80-A7E0-A4BD8201B800}.Debug|Any CPU.Build.0 = Debug|Any CPU
		{02F0B40D-E92D-4E80-A7E0-A4BD8201B800}.Release|Any CPU.ActiveCfg = Release|Any CPU
		{02F0B40D-E92D-4E80-A7E0-A4BD8201B800}.Release|Any CPU.Build.0 = Release|Any CPU
		{6D30E73E-56B1-47EE-B59A-7DEB99B94BE0}.Debug|Any CPU.ActiveCfg = Debug|Any CPU
		{6D30E73E-56B1-47EE-B59A-7DEB99B94BE0}.Debug|Any CPU.Build.0 = Debug|Any CPU
		{6D30E73E-56B1-47EE-B59A-7DEB99B94BE0}.Release|Any CPU.ActiveCfg = Release|Any CPU
		{6D30E73E-56B1-47EE-B59A-7DEB99B94BE0}.Release|Any CPU.Build.0 = Release|Any CPU
	EndGlobalSection
	GlobalSection(SolutionProperties) = preSolution
		HideSolutionNode = FALSE
	EndGlobalSection
	GlobalSection(ExtensibilityGlobals) = postSolution
		SolutionGuid = {52790291-EB67-4523-8873-CAAAA25111C9}
	EndGlobalSection
EndGlobal
